{
  "name": "ngx-d3",
  "version": "12.0.0",
  "lockfileVersion": 1,
  "requires": true,
  "dependencies": {
    "@types/d3-array": {
      "version": "1.2.9",
      "resolved": "https://registry.npmjs.org/@types/d3-array/-/d3-array-1.2.9.tgz",
      "integrity": "sha512-E/7RgPr2ylT5dWG0CswMi9NpFcjIEDqLcUSBgNHe/EMahfqYaTx4zhcggG3khqoEB/leY4Vl6nTSbwLUPjXceA=="
    },
    "@types/d3-axis": {
      "version": "1.0.16",
      "resolved": "https://registry.npmjs.org/@types/d3-axis/-/d3-axis-1.0.16.tgz",
      "integrity": "sha512-p7085weOmo4W+DzlRRVC/7OI/jugaKbVa6WMQGCQscaMylcbuaVEGk7abJLNyGVFLeCBNrHTdDiqRGnzvL0nXQ==",
      "requires": {
        "@types/d3-selection": "^1"
      }
    },
    "@types/d3-brush": {
      "version": "1.0.10",
      "resolved": "https://registry.npmjs.org/@types/d3-brush/-/d3-brush-1.0.10.tgz",
      "integrity": "sha512-J8jREATIrfJaAfhJivqaEKPnJsRlwwrOPje+ABqZFgamADjll+q9zaDXnYyjiGPPsiJEU+Qq9jQi5rECxIOfhg==",
      "requires": {
        "@types/d3-selection": "*"
      }
    },
    "@types/d3-chord": {
      "version": "1.0.11",
      "resolved": "https://registry.npmjs.org/@types/d3-chord/-/d3-chord-1.0.11.tgz",
      "integrity": "sha512-0DdfJ//bxyW3G9Nefwq/LDgazSKNN8NU0lBT3Cza6uVuInC2awMNsAcv1oKyRFLn9z7kXClH5XjwpveZjuz2eg=="
    },
    "@types/d3-collection": {
      "version": "1.0.10",
      "resolved": "https://registry.npmjs.org/@types/d3-collection/-/d3-collection-1.0.10.tgz",
      "integrity": "sha512-54Fdv8u5JbuXymtmXm2SYzi1x/Svt+jfWBU5junkhrCewL92VjqtCBDn97coBRVwVFmYNnVTNDyV8gQyPYfm+A=="
    },
    "@types/d3-color": {
      "version": "1.0.6",
      "resolved": "https://registry.npmjs.org/@types/d3-color/-/d3-color-1.0.6.tgz",
      "integrity": "sha512-AOlR0Gp7zV3c8C+gfxSboL3crNqsXCbAm32X934qXy0A1ymFC6T1TEIAEF/oH9yKQN2JHKpDkMhVEZeEVwKXEw=="
    },
    "@types/d3-contour": {
      "version": "1.2.2",
      "resolved": "https://registry.npmjs.org/@types/d3-contour/-/d3-contour-1.2.2.tgz",
      "integrity": "sha512-2BIp8c80HWJP/K6t7hov6CX6G/9LWPaf1IkRXmAY3xRDr293u6OxQDSsJNc8IHl3SDWfrUw9mZhBIavS5UOGKg==",
      "requires": {
        "@types/d3-array": "*",
        "@types/geojson": "*"
      }
    },
    "@types/d3-dispatch": {
      "version": "1.0.9",
      "resolved": "https://registry.npmjs.org/@types/d3-dispatch/-/d3-dispatch-1.0.9.tgz",
      "integrity": "sha512-zJ44YgjqALmyps+II7b1mZLhrtfV/FOxw9owT87mrweGWcg+WK5oiJX2M3SYJ0XUAExBduarysfgbR11YxzojQ=="
    },
    "@types/d3-drag": {
      "version": "1.2.5",
      "resolved": "https://registry.npmjs.org/@types/d3-drag/-/d3-drag-1.2.5.tgz",
      "integrity": "sha512-7NeTnfolst1Js3Vs7myctBkmJWu6DMI3k597AaHUX98saHjHWJ6vouT83UrpE+xfbSceHV+8A0JgxuwgqgmqWw==",
      "requires": {
        "@types/d3-selection": "^1"
      }
    },
    "@types/d3-dsv": {
      "version": "1.0.36",
      "resolved": "https://registry.npmjs.org/@types/d3-dsv/-/d3-dsv-1.0.36.tgz",
      "integrity": "sha512-jbIWQ27QJcBNMZbQv0NSQMHnBDCmxghAxePxgyiPH1XPCRkOsTBei7jcdi3fDrUCGpCV3lKrSZFSlOkhUQVClA=="
    },
    "@types/d3-ease": {
      "version": "1.0.11",
      "resolved": "https://registry.npmjs.org/@types/d3-ease/-/d3-ease-1.0.11.tgz",
      "integrity": "sha512-wUigPL0kleGZ9u3RhzBP07lxxkMcUjL5IODP42mN/05UNL+JJCDnpEPpFbJiPvLcTeRKGIRpBBJyP/1BNwYsVA=="
    },
    "@types/d3-force": {
      "version": "1.1.1",
      "resolved": "https://registry.npmjs.org/@types/d3-force/-/d3-force-1.1.1.tgz",
      "integrity": "sha512-ePkELuaFWY4yOuf+Bvx5Xd+ihFiYG4bdnW0BlvigovIm8Sob2t76e9RGO6lybQbv6AlW9Icn9HuZ9fmdzEoJyg=="
    },
    "@types/d3-format": {
      "version": "1.2.2",
      "resolved": "https://registry.npmjs.org/@types/d3-format/-/d3-format-1.2.2.tgz",
      "integrity": "sha512-XN4KV7RTNtN70pBJlC2vLTCFdCH27AyJK6/VQ/iKtrOd3Rf00zErr8espKqtBoEAdQeqjSP5ohuwJI1RHSGQAA=="
    },
    "@types/d3-geo": {
      "version": "1.10.3",
      "resolved": "https://registry.npmjs.org/@types/d3-geo/-/d3-geo-1.10.3.tgz",
      "integrity": "sha512-hfdaxM2L0wA9mDZrrSf2o+DyhEpnJYCiAN+lHFtpfZOVCQrYBA5g33sGRpUbAvjSMyO5jkHbftMWPEhuCMChSg==",
      "requires": {
        "@types/geojson": "*"
      }
    },
    "@types/d3-hierarchy": {
      "version": "1.1.8",
      "resolved": "https://registry.npmjs.org/@types/d3-hierarchy/-/d3-hierarchy-1.1.8.tgz",
      "integrity": "sha512-AbStKxNyWiMDQPGDguG2Kuhlq1Sv539pZSxYbx4UZeYkutpPwXCcgyiRrlV4YH64nIOsKx7XVnOMy9O7rJsXkg=="
    },
    "@types/d3-interpolate": {
      "version": "1.1.6",
      "resolved": "https://registry.npmjs.org/@types/d3-interpolate/-/d3-interpolate-1.1.6.tgz",
      "integrity": "sha512-WyKBAsRuE8E7S3ZVGyG8xzm0A0B7zHYFqG0cwo9slFdLlCPHZio0L7u5W4nNkHCbrA78na5uzIYcWXcaDlnfZg==",
      "requires": {
        "@types/d3-color": "*"
      }
    },
    "@types/d3-path": {
      "version": "1.0.9",
      "resolved": "https://registry.npmjs.org/@types/d3-path/-/d3-path-1.0.9.tgz",
      "integrity": "sha512-NaIeSIBiFgSC6IGUBjZWcscUJEq7vpVu7KthHN8eieTV9d9MqkSOZLH4chq1PmcKy06PNe3axLeKmRIyxJ+PZQ=="
    },
    "@types/d3-polygon": {
      "version": "1.0.8",
      "resolved": "https://registry.npmjs.org/@types/d3-polygon/-/d3-polygon-1.0.8.tgz",
      "integrity": "sha512-1TOJPXCBJC9V3+K3tGbTqD/CsqLyv/YkTXAcwdsZzxqw5cvpdnCuDl42M4Dvi8XzMxZNCT9pL4ibrK2n4VmAcw=="
    },
    "@types/d3-quadtree": {
      "version": "1.0.9",
      "resolved": "https://registry.npmjs.org/@types/d3-quadtree/-/d3-quadtree-1.0.9.tgz",
      "integrity": "sha512-5E0OJJn2QVavITFEc1AQlI8gLcIoDZcTKOD3feKFckQVmFV4CXhqRFt83tYNVNIN4ZzRkjlAMavJa1ldMhf5rA=="
    },
    "@types/d3-random": {
      "version": "1.1.3",
      "resolved": "https://registry.npmjs.org/@types/d3-random/-/d3-random-1.1.3.tgz",
      "integrity": "sha512-XXR+ZbFCoOd4peXSMYJzwk0/elP37WWAzS/DG+90eilzVbUSsgKhBcWqylGWe+lA2ubgr7afWAOBaBxRgMUrBQ=="
    },
    "@types/d3-scale": {
      "version": "2.0.2",
      "resolved": "https://registry.npmjs.org/@types/d3-scale/-/d3-scale-2.0.2.tgz",
      "integrity": "sha512-pnmZsEVwTyX+68bjG9r3XXUBASUF6z3Ir2nlrv81mWCH9yqeRscR98myMNP5OwDd9urUnvjNabJul5B9K0+F2w==",
      "requires": {
        "@types/d3-time": "*"
      }
    },
    "@types/d3-scale-chromatic": {
      "version": "1.2.0",
      "resolved": "https://registry.npmjs.org/@types/d3-scale-chromatic/-/d3-scale-chromatic-1.2.0.tgz",
      "integrity": "sha512-bhS2SVzUzRtrxp1REhGCfHmj8pyDv9oDmsonYiPvBl8KCxPJTxnfXBF39PzAJrYnRKM41TR0kQzsJvL+NmcDtg=="
    },
    "@types/d3-selection": {
      "version": "1.3.4",
      "resolved": "https://registry.npmjs.org/@types/d3-selection/-/d3-selection-1.3.4.tgz",
      "integrity": "sha512-WQ6Ivy7VuUlZ/Grqc8493ZxC+y/fpvZLy5+8ELvmCr2hll8eJPUqC05l6fgRRA7kjqlpbH7lbmvY6pRKf6yzxw=="
    },
    "@types/d3-selection-multi": {
      "version": "1.0.10",
      "resolved": "https://registry.npmjs.org/@types/d3-selection-multi/-/d3-selection-multi-1.0.10.tgz",
      "integrity": "sha512-gOmq5eRUYdV2zdZ22OXDtb3ZuhDBfZxsjBt3MCY0jZ7rb+TVQXqWAueIz3aeLE/keW8kw5uXgAcCegtTPgAkbQ==",
      "requires": {
        "@types/d3-selection": "^1",
        "@types/d3-transition": "^1"
      }
    },
    "@types/d3-shape": {
      "version": "1.2.8",
      "resolved": "https://registry.npmjs.org/@types/d3-shape/-/d3-shape-1.2.8.tgz",
      "integrity": "sha512-eHAi4Nuw1/69hjBFNXNWYifcNTFhwy360PI969ssMX22Si9henYiNKLeJoBhNfyXFajeFjI1HGsYzyCWKOozdA==",
      "requires": {
        "@types/d3-path": "*"
      }
    },
    "@types/d3-time": {
      "version": "1.0.10",
      "resolved": "https://registry.npmjs.org/@types/d3-time/-/d3-time-1.0.10.tgz",
      "integrity": "sha512-aKf62rRQafDQmSiv1NylKhIMmznsjRN+MnXRXTqHoqm0U/UZzVpdrtRnSIfdiLS616OuC1soYeX1dBg2n1u8Xw=="
    },
    "@types/d3-time-format": {
      "version": "2.1.1",
      "resolved": "https://registry.npmjs.org/@types/d3-time-format/-/d3-time-format-2.1.1.tgz",
      "integrity": "sha512-tJSyXta8ZyJ52wDDHA96JEsvkbL6jl7wowGmuf45+fAkj5Y+SQOnz0N7/H68OWmPshPsAaWMQh+GAws44IzH3g=="
    },
    "@types/d3-timer": {
      "version": "1.0.10",
      "resolved": "https://registry.npmjs.org/@types/d3-timer/-/d3-timer-1.0.10.tgz",
      "integrity": "sha512-ZnAbquVqy+4ZjdW0cY6URp+qF/AzTVNda2jYyOzpR2cPT35FTXl78s15Bomph9+ckOiI1TtkljnWkwbIGAb6rg=="
    },
    "@types/d3-transition": {
      "version": "1.1.6",
      "resolved": "https://registry.npmjs.org/@types/d3-transition/-/d3-transition-1.1.6.tgz",
      "integrity": "sha512-/F+O2r4oz4G9ATIH3cuSCMGphAnl7VDx7SbENEK0NlI/FE8Jx2oiIrv0uTrpg7yF/AmuWbqp7AGdEHAPIh24Gg==",
      "requires": {
        "@types/d3-selection": "*"
      }
    },
    "@types/d3-voronoi": {
      "version": "1.1.9",
      "resolved": "https://registry.npmjs.org/@types/d3-voronoi/-/d3-voronoi-1.1.9.tgz",
      "integrity": "sha512-DExNQkaHd1F3dFPvGA/Aw2NGyjMln6E9QzsiqOcBgnE+VInYnFBHBBySbZQts6z6xD+5jTfKCP7M4OqMyVjdwQ=="
    },
    "@types/d3-zoom": {
      "version": "1.7.6",
      "resolved": "https://registry.npmjs.org/@types/d3-zoom/-/d3-zoom-1.7.6.tgz",
      "integrity": "sha512-F2O83CriPrlNObQf6SP47srJBSpcUYB93O8pue0PmV79JVbwzR5K84fEPYdli2zhs4CFVsrC82Mxnf5wo5gJbQ==",
      "requires": {
        "@types/d3-interpolate": "*",
        "@types/d3-selection": "^1"
      }
    },
    "@types/geojson": {
      "version": "7946.0.10",
      "resolved": "https://registry.npmjs.org/@types/geojson/-/geojson-7946.0.10.tgz",
      "integrity": "sha512-Nmh0K3iWQJzniTuPRcJn5hxXkfB1T1pgB89SBig5PlJQU5yocazeu4jATJlaA0GYFKWMqDdvYemoSnF2pXgLVA=="
    },
    "commander": {
      "version": "2.20.3",
      "resolved": "https://registry.npmjs.org/commander/-/commander-2.20.3.tgz",
      "integrity": "sha512-GpVkmM8vF2vQUkj2LvZmD35JxeJOLCwJ9cUkugyk2nuhbv3+mJvpLYYt+0+USMxE+oj+ey/lJEnhZw75x/OMcQ=="
    },
    "d3-array": {
      "version": "1.2.4",
      "resolved": "https://registry.npmjs.org/d3-array/-/d3-array-1.2.4.tgz",
      "integrity": "sha512-KHW6M86R+FUPYGb3R5XiYjXPq7VzwxZ22buHhAEVG5ztoEcZZMLov530mmccaqA1GghZArjQV46fuc8kUqhhHw=="
    },
    "d3-axis": {
      "version": "1.0.12",
      "resolved": "https://registry.npmjs.org/d3-axis/-/d3-axis-1.0.12.tgz",
      "integrity": "sha512-ejINPfPSNdGFKEOAtnBtdkpr24c4d4jsei6Lg98mxf424ivoDP2956/5HDpIAtmHo85lqT4pruy+zEgvRUBqaQ=="
    },
    "d3-brush": {
      "version": "1.0.6",
      "resolved": "https://registry.npmjs.org/d3-brush/-/d3-brush-1.0.6.tgz",
      "integrity": "sha512-lGSiF5SoSqO5/mYGD5FAeGKKS62JdA1EV7HPrU2b5rTX4qEJJtpjaGLJngjnkewQy7UnGstnFd3168wpf5z76w==",
      "requires": {
        "d3-dispatch": "1",
        "d3-drag": "1",
        "d3-interpolate": "1",
        "d3-selection": "1",
        "d3-transition": "1"
      }
    },
    "d3-chord": {
      "version": "1.0.6",
      "resolved": "https://registry.npmjs.org/d3-chord/-/d3-chord-1.0.6.tgz",
      "integrity": "sha512-JXA2Dro1Fxw9rJe33Uv+Ckr5IrAa74TlfDEhE/jfLOaXegMQFQTAgAw9WnZL8+HxVBRXaRGCkrNU7pJeylRIuA==",
      "requires": {
        "d3-array": "1",
        "d3-path": "1"
      }
    },
    "d3-collection": {
      "version": "1.0.7",
      "resolved": "https://registry.npmjs.org/d3-collection/-/d3-collection-1.0.7.tgz",
      "integrity": "sha512-ii0/r5f4sjKNTfh84Di+DpztYwqKhEyUlKoPrzUFfeSkWxjW49xU2QzO9qrPrNkpdI0XJkfzvmTu8V2Zylln6A=="
    },
    "d3-color": {
      "version": "1.0.4",
      "resolved": "https://registry.npmjs.org/d3-color/-/d3-color-1.0.4.tgz",
      "integrity": "sha512-k26QBhtqbRfFbRHpIFiNsXm2uio10OcRmR1mw28AHbbnCmtJInF/Bja1rhNcJfqew3uMt5BQwr+kgp/5iCl0IQ=="
    },
    "d3-contour": {
      "version": "1.2.0",
      "resolved": "https://registry.npmjs.org/d3-contour/-/d3-contour-1.2.0.tgz",
      "integrity": "sha512-nDzZ2KDnrgTrhMjV8TH0RNrljk6uPNAGkG/v/1SKNVvJa2JU8szjh7o2ZYTX8yufA2oCI5HyeMqbzwiB+oDoIA==",
      "requires": {
        "d3-array": "^1.1.1"
      }
    },
    "d3-dispatch": {
      "version": "1.0.6",
      "resolved": "https://registry.npmjs.org/d3-dispatch/-/d3-dispatch-1.0.6.tgz",
      "integrity": "sha512-fVjoElzjhCEy+Hbn8KygnmMS7Or0a9sI2UzGwoB7cCtvI1XpVN9GpoYlnb3xt2YV66oXYb1fLJ8GMvP4hdU1RA=="
    },
    "d3-drag": {
      "version": "1.2.5",
      "resolved": "https://registry.npmjs.org/d3-drag/-/d3-drag-1.2.5.tgz",
      "integrity": "sha512-rD1ohlkKQwMZYkQlYVCrSFxsWPzI97+W+PaEIBNTMxRuxz9RF0Hi5nJWHGVJ3Om9d2fRTe1yOBINJyy/ahV95w==",
      "requires": {
        "d3-dispatch": "1",
        "d3-selection": "1"
      }
    },
    "d3-dsv": {
      "version": "1.0.10",
      "resolved": "https://registry.npmjs.org/d3-dsv/-/d3-dsv-1.0.10.tgz",
      "integrity": "sha512-vqklfpxmtO2ZER3fq/B33R/BIz3A1PV0FaZRuFM8w6jLo7sUX1BZDh73fPlr0s327rzq4H6EN1q9U+eCBCSN8g==",
      "requires": {
        "commander": "2",
        "iconv-lite": "0.4",
        "rw": "1"
      }
    },
    "d3-ease": {
      "version": "1.0.7",
      "resolved": "https://registry.npmjs.org/d3-ease/-/d3-ease-1.0.7.tgz",
      "integrity": "sha512-lx14ZPYkhNx0s/2HX5sLFUI3mbasHjSSpwO/KaaNACweVwxUruKyWVcb293wMv1RqTPZyZ8kSZ2NogUZNcLOFQ=="
    },
    "d3-force": {
      "version": "1.1.2",
      "resolved": "https://registry.npmjs.org/d3-force/-/d3-force-1.1.2.tgz",
      "integrity": "sha512-p1vcHAUF1qH7yR+e8ip7Bs61AHjLeKkIn8Z2gzwU2lwEf2wkSpWdjXG0axudTHsVFnYGlMkFaEsVy2l8tAg1Gw==",
      "requires": {
        "d3-collection": "1",
        "d3-dispatch": "1",
        "d3-quadtree": "1",
        "d3-timer": "1"
      }
    },
    "d3-format": {
      "version": "1.2.2",
      "resolved": "https://registry.npmjs.org/d3-format/-/d3-format-1.2.2.tgz",
      "integrity": "sha512-zH9CfF/3C8zUI47nsiKfD0+AGDEuM8LwBIP7pBVpyR4l/sKkZqITmMtxRp04rwBrlshIZ17XeFAaovN3++wzkw=="
    },
    "d3-geo": {
      "version": "1.10.0",
      "resolved": "https://registry.npmjs.org/d3-geo/-/d3-geo-1.10.0.tgz",
      "integrity": "sha512-VK/buVGgexthTTqGRNXQ/LSo3EbOFu4p2Pjud5drSIaEnOaF2moc8A3P7WEljEO1JEBEwbpAJjFWMuJiUtoBcw==",
      "requires": {
        "d3-array": "1"
      }
    },
    "d3-hierarchy": {
      "version": "1.1.9",
      "resolved": "https://registry.npmjs.org/d3-hierarchy/-/d3-hierarchy-1.1.9.tgz",
      "integrity": "sha512-j8tPxlqh1srJHAtxfvOUwKNYJkQuBFdM1+JAUfq6xqH5eAqf93L7oG1NVqDa4CpFZNvnNKtCYEUC8KY9yEn9lQ=="
    },
    "d3-interpolate": {
      "version": "1.1.6",
      "resolved": "https://registry.npmjs.org/d3-interpolate/-/d3-interpolate-1.1.6.tgz",
      "integrity": "sha512-mOnv5a+pZzkNIHtw/V6I+w9Lqm9L5bG3OTXPM5A+QO0yyVMQ4W1uZhR+VOJmazaOZXri2ppbiZ5BUNWT0pFM9A==",
      "requires": {
        "d3-color": "1"
      }
    },
    "d3-path": {
      "version": "1.0.9",
      "resolved": "https://registry.npmjs.org/d3-path/-/d3-path-1.0.9.tgz",
      "integrity": "sha512-VLaYcn81dtHVTjEHd8B+pbe9yHWpXKZUC87PzoFmsFrJqgFwDe/qxfp5MlfsfM1V5E/iVt0MmEbWQ7FVIXh/bg=="
    },
    "d3-polygon": {
      "version": "1.0.6",
      "resolved": "https://registry.npmjs.org/d3-polygon/-/d3-polygon-1.0.6.tgz",
      "integrity": "sha512-k+RF7WvI08PC8reEoXa/w2nSg5AUMTi+peBD9cmFc+0ixHfbs4QmxxkarVal1IkVkgxVuk9JSHhJURHiyHKAuQ=="
    },
    "d3-quadtree": {
      "version": "1.0.7",
      "resolved": "https://registry.npmjs.org/d3-quadtree/-/d3-quadtree-1.0.7.tgz",
      "integrity": "sha512-RKPAeXnkC59IDGD0Wu5mANy0Q2V28L+fNe65pOCXVdVuTJS3WPKaJlFHer32Rbh9gIo9qMuJXio8ra4+YmIymA=="
    },
    "d3-random": {
      "version": "1.1.2",
      "resolved": "https://registry.npmjs.org/d3-random/-/d3-random-1.1.2.tgz",
      "integrity": "sha512-6AK5BNpIFqP+cx/sreKzNjWbwZQCSUatxq+pPRmFIQaWuoD+NrbVWw7YWpHiXpCQ/NanKdtGDuB+VQcZDaEmYQ=="
    },
    "d3-scale": {
      "version": "2.0.0",
      "resolved": "https://registry.npmjs.org/d3-scale/-/d3-scale-2.0.0.tgz",
      "integrity": "sha512-Sa2Ny6CoJT7x6dozxPnvUQT61epGWsgppFvnNl8eJEzfJBG0iDBBTJAtz2JKem7Mb+NevnaZiDiIDHsuWkv6vg==",
      "requires": {
        "d3-array": "^1.2.0",
        "d3-collection": "1",
        "d3-format": "1",
        "d3-interpolate": "1",
        "d3-time": "1",
        "d3-time-format": "2"
      }
    },
    "d3-scale-chromatic": {
      "version": "1.2.0",
      "resolved": "https://registry.npmjs.org/d3-scale-chromatic/-/d3-scale-chromatic-1.2.0.tgz",
      "integrity": "sha512-qQUhLi8fPe/F0b0M46C6eFUbms5IIMHuhJ5DKjjzBUvm1b6aPtygJzGbrMdMUD/ckLBq+NdWwHeN2cpMDp4Q5Q==",
      "requires": {
        "d3-color": "1",
        "d3-interpolate": "1"
      }
    },
    "d3-selection": {
      "version": "1.3.2",
      "resolved": "https://registry.npmjs.org/d3-selection/-/d3-selection-1.3.2.tgz",
      "integrity": "sha512-OoXdv1nZ7h2aKMVg3kaUFbLLK5jXUFAMLD/Tu5JA96mjf8f2a9ZUESGY+C36t8R1WFeWk/e55hy54Ml2I62CRQ=="
    },
    "d3-selection-multi": {
      "version": "1.0.1",
      "resolved": "https://registry.npmjs.org/d3-selection-multi/-/d3-selection-multi-1.0.1.tgz",
      "integrity": "sha512-mEnRkJ6A+Otd1LuRPV3az+s/RLDmIEhuz/MnT21O2nPcWNH7wZotdIlRjMA4Wpr+n7AESQ5fD8v1J3nL2Mnw9g==",
      "requires": {
        "d3-selection": "1",
        "d3-transition": "1"
      }
    },
    "d3-shape": {
      "version": "1.2.3",
      "resolved": "https://registry.npmjs.org/d3-shape/-/d3-shape-1.2.3.tgz",
      "integrity": "sha512-mdrQ+V3jdEAa5k9clSEhCNFtq+pdky25PBGjocUgAI0AUbu/Esq4x6bdFcjkNura87Wqp1pd3dfZh6uJ+XojlA==",
      "requires": {
        "d3-path": "1"
      }
    },
    "d3-time": {
      "version": "1.0.11",
      "resolved": "https://registry.npmjs.org/d3-time/-/d3-time-1.0.11.tgz",
      "integrity": "sha512-Z3wpvhPLW4vEScGeIMUckDW7+3hWKOQfAWg/U7PlWBnQmeKQ00gCUsTtWSYulrKNA7ta8hJ+xXc6MHrMuITwEw=="
    },
    "d3-time-format": {
      "version": "2.1.3",
      "resolved": "https://registry.npmjs.org/d3-time-format/-/d3-time-format-2.1.3.tgz",
      "integrity": "sha512-6k0a2rZryzGm5Ihx+aFMuO1GgelgIz+7HhB4PH4OEndD5q2zGn1mDfRdNrulspOfR6JXkb2sThhDK41CSK85QA==",
      "requires": {
        "d3-time": "1"
      }
    },
    "d3-timer": {
      "version": "1.0.10",
      "resolved": "https://registry.npmjs.org/d3-timer/-/d3-timer-1.0.10.tgz",
      "integrity": "sha512-B1JDm0XDaQC+uvo4DT79H0XmBskgS3l6Ve+1SBCfxgmtIb1AVrPIoqd+nPSv+loMX8szQ0sVUhGngL7D5QPiXw=="
    },
    "d3-transition": {
      "version": "1.1.3",
      "resolved": "https://registry.npmjs.org/d3-transition/-/d3-transition-1.1.3.tgz",
      "integrity": "sha512-tEvo3qOXL6pZ1EzcXxFcPNxC/Ygivu5NoBY6mbzidATAeML86da+JfVIUzon3dNM6UX6zjDx+xbYDmMVtTSjuA==",
      "requires": {
        "d3-color": "1",
        "d3-dispatch": "1",
        "d3-ease": "1",
        "d3-interpolate": "1",
        "d3-selection": "^1.1.0",
        "d3-timer": "1"
      }
    },
    "d3-voronoi": {
      "version": "1.1.4",
      "resolved": "https://registry.npmjs.org/d3-voronoi/-/d3-voronoi-1.1.4.tgz",
      "integrity": "sha512-dArJ32hchFsrQ8uMiTBLq256MpnZjeuBtdHpaDlYuQyjU0CVzCJl/BVW+SkszaAeH95D/8gxqAhgx0ouAWAfRg=="
    },
    "d3-zoom": {
      "version": "1.7.4",
      "resolved": "https://registry.npmjs.org/d3-zoom/-/d3-zoom-1.7.4.tgz",
      "integrity": "sha512-GneUZn7yxAvuJVCFb6exODeDSvydfWLj5Mc4CT/cPNwtYLrlJvxUcu4tPWrnsZzpHMepU0ST2PFokWWSft+G3w==",
      "requires": {
        "d3-dispatch": "1",
        "d3-drag": "1",
        "d3-interpolate": "1",
        "d3-selection": "1",
        "d3-transition": "1"
      }
    },
    "iconv-lite": {
      "version": "0.4.24",
      "resolved": "https://registry.npmjs.org/iconv-lite/-/iconv-lite-0.4.24.tgz",
      "integrity": "sha512-v3MXnZAcvnywkTUEZomIActle7RXXeedOR31wwl7VlyoXO4Qi9arvSenNQWne1TcRwhCL1HwLI21bEqdpj8/rA==",
      "requires": {
        "safer-buffer": ">= 2.1.2 < 3"
      }
    },
    "rw": {
      "version": "1.3.3",
      "resolved": "https://registry.npmjs.org/rw/-/rw-1.3.3.tgz",
      "integrity": "sha512-PdhdWy89SiZogBLaw42zdeqtRJ//zFd2PgQavcICDUgJT5oW10QCRKbJ6bg4r0/UY2M6BWd5tkxuGFRvCkgfHQ=="
    },
    "safer-buffer": {
      "version": "2.1.2",
      "resolved": "https://registry.npmjs.org/safer-buffer/-/safer-buffer-2.1.2.tgz",
      "integrity": "sha512-YZo3K82SD7Riyi0E1EQPojLz7kpepnSQI9IyPbHHg1XXXevb5dJI7tpyN2ADxGcQbHG7vcyRHk0cbwqcQriUtg=="
    },
    "tslib": {
      "version": "2.4.0",
      "resolved": "https://registry.npmjs.org/tslib/-/tslib-2.4.0.tgz",
      "integrity": "sha512-d6xOpEDfsi2CZVlPQzGeux8XMwLT9hssAsaPYExaQMuYskwb+x1x7J371tWlbBdWHroy99KnVB6qIkUbs5X3UQ=="
    }
  }
}
